
Microsoft Visual Studio Solution File, Format Version 12.00
# Visual Studio Version 17
VisualStudioVersion = 17.10.35013.160
MinimumVisualStudioVersion = 10.0.40219.1
Project("{8BC9CEB8-8B4A-11D0-8D11-00A0C91BC942}") = "neflib", "src\neflib.vcxproj", "{57BEA14F-5171-4B06-B71F-007E5918D923}"
EndProject
Project("{2150E333-8FDC-42A3-9474-1A3956D46DE8}") = "Solution Items", "Solution Items", "{E25B7482-E86A-4D43-BCD8-7AE564091EFC}"
	ProjectSection(SolutionItems) = preProject
		.gitignore = .gitignore
		LICENSE = LICENSE
		README.md = README.md
	EndProjectSection
EndProject
Global
	GlobalSection(SolutionConfigurationPlatforms) = preSolution
		Debug|ARM64 = Debug|ARM64
		Debug|x64 = Debug|x64
		Debug|x86 = Debug|x86
		Release|ARM64 = Release|ARM64
		Release|x64 = Release|x64
		Release|x86 = Release|x86
	EndGlobalSection
	GlobalSection(ProjectConfigurationPlatforms) = postSolution
		{57BEA14F-5171-4B06-B71F-007E5918D923}.Debug|ARM64.ActiveCfg = Debug|ARM64
		{57BEA14F-5171-4B06-B71F-007E5918D923}.Debug|ARM64.Build.0 = Debug|ARM64
		{57BEA14F-5171-4B06-B71F-007E5918D923}.Debug|x64.ActiveCfg = Debug|x64
		{57BEA14F-5171-4B06-B71F-007E5918D923}.Debug|x64.Build.0 = Debug|x64
		{57BEA14F-5171-4B06-B71F-007E5918D923}.Debug|x86.ActiveCfg = Debug|Win32
		{57BEA14F-5171-4B06-B71F-007E5918D923}.Debug|x86.Build.0 = Debug|Win32
		{57BEA14F-5171-4B06-B71F-007E5918D923}.Release|ARM64.ActiveCfg = Release|ARM64
		{57BEA14F-5171-4B06-B71F-007E5918D923}.Release|ARM64.Build.0 = Release|ARM64
		{57BEA14F-5171-4B06-B71F-007E5918D923}.Release|x64.ActiveCfg = Release|x64
		{57BEA14F-5171-4B06-B71F-007E5918D923}.Release|x64.Build.0 = Release|x64
		{57BEA14F-5171-4B06-B71F-007E5918D923}.Release|x86.ActiveCfg = Release|Win32
		{57BEA14F-5171-4B06-B71F-007E5918D923}.Release|x86.Build.0 = Release|Win32
	EndGlobalSection
	GlobalSection(SolutionProperties) = preSolution
		HideSolutionNode = FALSE
	EndGlobalSection
	GlobalSection(ExtensibilityGlobals) = postSolution
		SolutionGuid = {7B42A5C3-68C1-4FA1-9AF6-D4A0B1741501}
	EndGlobalSection
EndGlobal
